
Microsoft Visual Studio Solution File, Format Version 12.00
# Visual Studio 15
VisualStudioVersion = 15.0.26730.15
MinimumVisualStudioVersion = 10.0.40219.1
Project("{888888A0-9F3D-457C-B088-3A5042F75D52}") = "Rastreamento de Carros", "Rastreamento de Carros\Rastreamento de Carros.pyproj", "{787734FC-C215-4206-AE03-A68DD62B1DD9}"
EndProject
Global
	GlobalSection(SolutionConfigurationPlatforms) = preSolution
		Debug|Any CPU = Debug|Any CPU
		Release|Any CPU = Release|Any CPU
	EndGlobalSection
	GlobalSection(ProjectConfigurationPlatforms) = postSolution
		{787734FC-C215-4206-AE03-A68DD62B1DD9}.Debug|Any CPU.ActiveCfg = Debug|Any CPU
		{787734FC-C215-4206-AE03-A68DD62B1DD9}.Release|Any CPU.ActiveCfg = Release|Any CPU
	EndGlobalSection
	GlobalSection(SolutionProperties) = preSolution
		HideSolutionNode = FALSE
	EndGlobalSection
	GlobalSection(ExtensibilityGlobals) = postSolution
		SolutionGuid = {B46AFDA8-BA9B-4C41-8087-22D98986B2BB}
	EndGlobalSection
EndGlobal
